
Microsoft Visual Studio Solution File, Format Version 12.00
Project("{FAE04EC0-301F-11D3-BF4B-00C04F79EFBC}") = "SomeMethods", "SomeMethods\SomeMethods.csproj", "{1579A7CD-0535-4508-909F-8F59CDFC97B1}"
EndProject
Project("{FAE04EC0-301F-11D3-BF4B-00C04F79EFBC}") = "SomeMethods.Test", "SomeMethods.Test\SomeMethods.Test.csproj", "{256046D2-2431-4978-BEB7-870667762F87}"
EndProject
Global
	GlobalSection(SolutionConfigurationPlatforms) = preSolution
		Debug|Any CPU = Debug|Any CPU
		Release|Any CPU = Release|Any CPU
	EndGlobalSection
	GlobalSection(ProjectConfigurationPlatforms) = postSolution
		{1579A7CD-0535-4508-909F-8F59CDFC97B1}.Debug|Any CPU.ActiveCfg = Debug|Any CPU
		{1579A7CD-0535-4508-909F-8F59CDFC97B1}.Debug|Any CPU.Build.0 = Debug|Any CPU
		{1579A7CD-0535-4508-909F-8F59CDFC97B1}.Release|Any CPU.ActiveCfg = Release|Any CPU
		{1579A7CD-0535-4508-909F-8F59CDFC97B1}.Release|Any CPU.Build.0 = Release|Any CPU
		{256046D2-2431-4978-BEB7-870667762F87}.Debug|Any CPU.ActiveCfg = Debug|Any CPU
		{256046D2-2431-4978-BEB7-870667762F87}.Debug|Any CPU.Build.0 = Debug|Any CPU
		{256046D2-2431-4978-BEB7-870667762F87}.Release|Any CPU.ActiveCfg = Release|Any CPU
		{256046D2-2431-4978-BEB7-870667762F87}.Release|Any CPU.Build.0 = Release|Any CPU
	EndGlobalSection
EndGlobal
