
Microsoft Visual Studio Solution File, Format Version 12.00
# Visual Studio Version 17
VisualStudioVersion = 17.4.33403.182
MinimumVisualStudioVersion = 10.0.40219.1
Project("{FAE04EC0-301F-11D3-BF4B-00C04F79EFBC}") = "SomeMethods", "SomeMethods\SomeMethods.csproj", "{C34CC6E0-ED55-45F4-91ED-60D0AF88A9CC}"
EndProject
Global
	GlobalSection(SolutionConfigurationPlatforms) = preSolution
		Debug|Any CPU = Debug|Any CPU
		Release|Any CPU = Release|Any CPU
	EndGlobalSection
	GlobalSection(ProjectConfigurationPlatforms) = postSolution
		{C34CC6E0-ED55-45F4-91ED-60D0AF88A9CC}.Debug|Any CPU.ActiveCfg = Debug|Any CPU
		{C34CC6E0-ED55-45F4-91ED-60D0AF88A9CC}.Debug|Any CPU.Build.0 = Debug|Any CPU
		{C34CC6E0-ED55-45F4-91ED-60D0AF88A9CC}.Release|Any CPU.ActiveCfg = Release|Any CPU
		{C34CC6E0-ED55-45F4-91ED-60D0AF88A9CC}.Release|Any CPU.Build.0 = Release|Any CPU
	EndGlobalSection
	GlobalSection(SolutionProperties) = preSolution
		HideSolutionNode = FALSE
	EndGlobalSection
	GlobalSection(ExtensibilityGlobals) = postSolution
		SolutionGuid = {6ACDDA24-ECEB-4DF8-8F88-8AEC91586D36}
	EndGlobalSection
EndGlobal
